
Microsoft Visual Studio Solution File, Format Version 11.00
# Visual Studio 2010
Project("{2150E333-8FDC-42A3-9474-1A3956D46DE8}") = "DotNet2.0", "DotNet2.0", "{6F710B02-CEB8-459C-9FE4-F23C9D1E77B3}"
EndProject
Project("{2150E333-8FDC-42A3-9474-1A3956D46DE8}") = "DotNet3.5", "DotNet3.5", "{BC242EFB-DBBD-441F-B00A-94E62E15A35E}"
EndProject
Project("{2150E333-8FDC-42A3-9474-1A3956D46DE8}") = "Test", "Test", "{F0281D04-4576-4E12-A283-8F4A8A7D4557}"
EndProject
Project("{FAE04EC0-301F-11D3-BF4B-00C04F79EFBC}") = "Tiu.DBUtility", "Tiu.DBUtility\Tiu.DBUtility.csproj", "{2365DCDE-56C1-411C-A663-BB2B23D8B523}"
EndProject
Project("{FAE04EC0-301F-11D3-BF4B-00C04F79EFBC}") = "Tiu.Data", "Tiu.Data\Tiu.Data.csproj", "{D31F27DE-5C00-48F4-B119-E23B623D7A20}"
EndProject
Project("{FAE04EC0-301F-11D3-BF4B-00C04F79EFBC}") = "Tiu.Net", "Tiu.Net\Tiu.Net.csproj", "{A1B955D3-C7EB-417F-9E79-552819DCB340}"
EndProject
Project("{FAE04EC0-301F-11D3-BF4B-00C04F79EFBC}") = "Tiu.Attributes", "Tiu.Attributes\Tiu.Attributes.csproj", "{0AF19D83-285F-45FE-B0C0-7782D9230764}"
EndProject
Project("{FAE04EC0-301F-11D3-BF4B-00C04F79EFBC}") = "Tiu.Tools", "Tiu.Tools\Tiu.Tools.csproj", "{75E5D203-3574-4A3A-B95F-88D6834C5298}"
EndProject
Project("{FAE04EC0-301F-11D3-BF4B-00C04F79EFBC}") = "ConsoleApplication", "ConsoleApplication\ConsoleApplication.csproj", "{F6556BDA-E29F-452B-A6CD-1173933FDD65}"
EndProject
Project("{FAE04EC0-301F-11D3-BF4B-00C04F79EFBC}") = "Tiu.Extent", "Tiu.Extent\Tiu.Extent.csproj", "{CCE2A63D-CF2F-42E3-9410-F9A4FB7D4A1E}"
EndProject
Project("{FAE04EC0-301F-11D3-BF4B-00C04F79EFBC}") = "Tiu.Web", "Tiu.Web\Tiu.Web.csproj", "{EBE74EC9-293E-43C7-8BD3-6A25A33C2265}"
EndProject
Project("{FAE04EC0-301F-11D3-BF4B-00C04F79EFBC}") = "WebFormApplication", "WebFormApplication\WebFormApplication.csproj", "{BCCB1296-34B0-425B-814F-E8BE3980F2BF}"
EndProject
Project("{FAE04EC0-301F-11D3-BF4B-00C04F79EFBC}") = "Tiu.ThirdpartyApi", "Tiu.ThirdpartyApi\Tiu.ThirdpartyApi.csproj", "{75F07C84-0678-4E18-9FC4-367DAEB57B7F}"
EndProject
Project("{FAE04EC0-301F-11D3-BF4B-00C04F79EFBC}") = "Tiu.EasyUI", "Tiu.EasyUI\Tiu.EasyUI.csproj", "{C2717582-588A-4446-8D5E-F5BDC8E9C1E0}"
EndProject
Global
	GlobalSection(SolutionConfigurationPlatforms) = preSolution
		Debug|Any CPU = Debug|Any CPU
		Debug|Mixed Platforms = Debug|Mixed Platforms
		Debug|x86 = Debug|x86
		Release|Any CPU = Release|Any CPU
		Release|Mixed Platforms = Release|Mixed Platforms
		Release|x86 = Release|x86
	EndGlobalSection
	GlobalSection(ProjectConfigurationPlatforms) = postSolution
		{2365DCDE-56C1-411C-A663-BB2B23D8B523}.Debug|Any CPU.ActiveCfg = Debug|Any CPU
		{2365DCDE-56C1-411C-A663-BB2B23D8B523}.Debug|Any CPU.Build.0 = Debug|Any CPU
		{2365DCDE-56C1-411C-A663-BB2B23D8B523}.Debug|Mixed Platforms.ActiveCfg = Debug|Any CPU
		{2365DCDE-56C1-411C-A663-BB2B23D8B523}.Debug|Mixed Platforms.Build.0 = Debug|Any CPU
		{2365DCDE-56C1-411C-A663-BB2B23D8B523}.Debug|x86.ActiveCfg = Debug|Any CPU
		{2365DCDE-56C1-411C-A663-BB2B23D8B523}.Release|Any CPU.ActiveCfg = Release|Any CPU
		{2365DCDE-56C1-411C-A663-BB2B23D8B523}.Release|Any CPU.Build.0 = Release|Any CPU
		{2365DCDE-56C1-411C-A663-BB2B23D8B523}.Release|Mixed Platforms.ActiveCfg = Release|Any CPU
		{2365DCDE-56C1-411C-A663-BB2B23D8B523}.Release|Mixed Platforms.Build.0 = Release|Any CPU
		{2365DCDE-56C1-411C-A663-BB2B23D8B523}.Release|x86.ActiveCfg = Release|Any CPU
		{D31F27DE-5C00-48F4-B119-E23B623D7A20}.Debug|Any CPU.ActiveCfg = Debug|Any CPU
		{D31F27DE-5C00-48F4-B119-E23B623D7A20}.Debug|Any CPU.Build.0 = Debug|Any CPU
		{D31F27DE-5C00-48F4-B119-E23B623D7A20}.Debug|Mixed Platforms.ActiveCfg = Debug|Any CPU
		{D31F27DE-5C00-48F4-B119-E23B623D7A20}.Debug|Mixed Platforms.Build.0 = Debug|Any CPU
		{D31F27DE-5C00-48F4-B119-E23B623D7A20}.Debug|x86.ActiveCfg = Debug|Any CPU
		{D31F27DE-5C00-48F4-B119-E23B623D7A20}.Release|Any CPU.ActiveCfg = Release|Any CPU
		{D31F27DE-5C00-48F4-B119-E23B623D7A20}.Release|Any CPU.Build.0 = Release|Any CPU
		{D31F27DE-5C00-48F4-B119-E23B623D7A20}.Release|Mixed Platforms.ActiveCfg = Release|Any CPU
		{D31F27DE-5C00-48F4-B119-E23B623D7A20}.Release|Mixed Platforms.Build.0 = Release|Any CPU
		{D31F27DE-5C00-48F4-B119-E23B623D7A20}.Release|x86.ActiveCfg = Release|Any CPU
		{A1B955D3-C7EB-417F-9E79-552819DCB340}.Debug|Any CPU.ActiveCfg = Debug|Any CPU
		{A1B955D3-C7EB-417F-9E79-552819DCB340}.Debug|Any CPU.Build.0 = Debug|Any CPU
		{A1B955D3-C7EB-417F-9E79-552819DCB340}.Debug|Mixed Platforms.ActiveCfg = Debug|Any CPU
		{A1B955D3-C7EB-417F-9E79-552819DCB340}.Debug|Mixed Platforms.Build.0 = Debug|Any CPU
		{A1B955D3-C7EB-417F-9E79-552819DCB340}.Debug|x86.ActiveCfg = Debug|Any CPU
		{A1B955D3-C7EB-417F-9E79-552819DCB340}.Release|Any CPU.ActiveCfg = Release|Any CPU
		{A1B955D3-C7EB-417F-9E79-552819DCB340}.Release|Any CPU.Build.0 = Release|Any CPU
		{A1B955D3-C7EB-417F-9E79-552819DCB340}.Release|Mixed Platforms.ActiveCfg = Release|Any CPU
		{A1B955D3-C7EB-417F-9E79-552819DCB340}.Release|Mixed Platforms.Build.0 = Release|Any CPU
		{A1B955D3-C7EB-417F-9E79-552819DCB340}.Release|x86.ActiveCfg = Release|Any CPU
		{0AF19D83-285F-45FE-B0C0-7782D9230764}.Debug|Any CPU.ActiveCfg = Debug|Any CPU
		{0AF19D83-285F-45FE-B0C0-7782D9230764}.Debug|Any CPU.Build.0 = Debug|Any CPU
		{0AF19D83-285F-45FE-B0C0-7782D9230764}.Debug|Mixed Platforms.ActiveCfg = Debug|Any CPU
		{0AF19D83-285F-45FE-B0C0-7782D9230764}.Debug|Mixed Platforms.Build.0 = Debug|Any CPU
		{0AF19D83-285F-45FE-B0C0-7782D9230764}.Debug|x86.ActiveCfg = Debug|Any CPU
		{0AF19D83-285F-45FE-B0C0-7782D9230764}.Release|Any CPU.ActiveCfg = Release|Any CPU
		{0AF19D83-285F-45FE-B0C0-7782D9230764}.Release|Any CPU.Build.0 = Release|Any CPU
		{0AF19D83-285F-45FE-B0C0-7782D9230764}.Release|Mixed Platforms.ActiveCfg = Release|Any CPU
		{0AF19D83-285F-45FE-B0C0-7782D9230764}.Release|Mixed Platforms.Build.0 = Release|Any CPU
		{0AF19D83-285F-45FE-B0C0-7782D9230764}.Release|x86.ActiveCfg = Release|Any CPU
		{75E5D203-3574-4A3A-B95F-88D6834C5298}.Debug|Any CPU.ActiveCfg = Debug|Any CPU
		{75E5D203-3574-4A3A-B95F-88D6834C5298}.Debug|Any CPU.Build.0 = Debug|Any CPU
		{75E5D203-3574-4A3A-B95F-88D6834C5298}.Debug|Mixed Platforms.ActiveCfg = Debug|Any CPU
		{75E5D203-3574-4A3A-B95F-88D6834C5298}.Debug|Mixed Platforms.Build.0 = Debug|Any CPU
		{75E5D203-3574-4A3A-B95F-88D6834C5298}.Debug|x86.ActiveCfg = Debug|Any CPU
		{75E5D203-3574-4A3A-B95F-88D6834C5298}.Release|Any CPU.ActiveCfg = Release|Any CPU
		{75E5D203-3574-4A3A-B95F-88D6834C5298}.Release|Any CPU.Build.0 = Release|Any CPU
		{75E5D203-3574-4A3A-B95F-88D6834C5298}.Release|Mixed Platforms.ActiveCfg = Release|Any CPU
		{75E5D203-3574-4A3A-B95F-88D6834C5298}.Release|Mixed Platforms.Build.0 = Release|Any CPU
		{75E5D203-3574-4A3A-B95F-88D6834C5298}.Release|x86.ActiveCfg = Release|Any CPU
		{F6556BDA-E29F-452B-A6CD-1173933FDD65}.Debug|Any CPU.ActiveCfg = Debug|Any CPU
		{F6556BDA-E29F-452B-A6CD-1173933FDD65}.Debug|Any CPU.Build.0 = Debug|Any CPU
		{F6556BDA-E29F-452B-A6CD-1173933FDD65}.Debug|Mixed Platforms.ActiveCfg = Debug|Any CPU
		{F6556BDA-E29F-452B-A6CD-1173933FDD65}.Debug|Mixed Platforms.Build.0 = Debug|Any CPU
		{F6556BDA-E29F-452B-A6CD-1173933FDD65}.Debug|x86.ActiveCfg = Debug|Any CPU
		{F6556BDA-E29F-452B-A6CD-1173933FDD65}.Release|Any CPU.ActiveCfg = Release|Any CPU
		{F6556BDA-E29F-452B-A6CD-1173933FDD65}.Release|Any CPU.Build.0 = Release|Any CPU
		{F6556BDA-E29F-452B-A6CD-1173933FDD65}.Release|Mixed Platforms.ActiveCfg = Release|Any CPU
		{F6556BDA-E29F-452B-A6CD-1173933FDD65}.Release|Mixed Platforms.Build.0 = Release|Any CPU
		{F6556BDA-E29F-452B-A6CD-1173933FDD65}.Release|x86.ActiveCfg = Release|Any CPU
		{CCE2A63D-CF2F-42E3-9410-F9A4FB7D4A1E}.Debug|Any CPU.ActiveCfg = Debug|Any CPU
		{CCE2A63D-CF2F-42E3-9410-F9A4FB7D4A1E}.Debug|Any CPU.Build.0 = Debug|Any CPU
		{CCE2A63D-CF2F-42E3-9410-F9A4FB7D4A1E}.Debug|Mixed Platforms.ActiveCfg = Debug|Any CPU
		{CCE2A63D-CF2F-42E3-9410-F9A4FB7D4A1E}.Debug|Mixed Platforms.Build.0 = Debug|Any CPU
		{CCE2A63D-CF2F-42E3-9410-F9A4FB7D4A1E}.Debug|x86.ActiveCfg = Debug|Any CPU
		{CCE2A63D-CF2F-42E3-9410-F9A4FB7D4A1E}.Release|Any CPU.ActiveCfg = Release|Any CPU
		{CCE2A63D-CF2F-42E3-9410-F9A4FB7D4A1E}.Release|Any CPU.Build.0 = Release|Any CPU
		{CCE2A63D-CF2F-42E3-9410-F9A4FB7D4A1E}.Release|Mixed Platforms.ActiveCfg = Release|Any CPU
		{CCE2A63D-CF2F-42E3-9410-F9A4FB7D4A1E}.Release|Mixed Platforms.Build.0 = Release|Any CPU
		{CCE2A63D-CF2F-42E3-9410-F9A4FB7D4A1E}.Release|x86.ActiveCfg = Release|Any CPU
		{EBE74EC9-293E-43C7-8BD3-6A25A33C2265}.Debug|Any CPU.ActiveCfg = Debug|Any CPU
		{EBE74EC9-293E-43C7-8BD3-6A25A33C2265}.Debug|Any CPU.Build.0 = Debug|Any CPU
		{EBE74EC9-293E-43C7-8BD3-6A25A33C2265}.Debug|Mixed Platforms.ActiveCfg = Debug|Any CPU
		{EBE74EC9-293E-43C7-8BD3-6A25A33C2265}.Debug|Mixed Platforms.Build.0 = Debug|Any CPU
		{EBE74EC9-293E-43C7-8BD3-6A25A33C2265}.Debug|x86.ActiveCfg = Debug|Any CPU
		{EBE74EC9-293E-43C7-8BD3-6A25A33C2265}.Release|Any CPU.ActiveCfg = Release|Any CPU
		{EBE74EC9-293E-43C7-8BD3-6A25A33C2265}.Release|Any CPU.Build.0 = Release|Any CPU
		{EBE74EC9-293E-43C7-8BD3-6A25A33C2265}.Release|Mixed Platforms.ActiveCfg = Release|Any CPU
		{EBE74EC9-293E-43C7-8BD3-6A25A33C2265}.Release|Mixed Platforms.Build.0 = Release|Any CPU
		{EBE74EC9-293E-43C7-8BD3-6A25A33C2265}.Release|x86.ActiveCfg = Release|Any CPU
		{BCCB1296-34B0-425B-814F-E8BE3980F2BF}.Debug|Any CPU.ActiveCfg = Debug|Any CPU
		{BCCB1296-34B0-425B-814F-E8BE3980F2BF}.Debug|Any CPU.Build.0 = Debug|Any CPU
		{BCCB1296-34B0-425B-814F-E8BE3980F2BF}.Debug|Mixed Platforms.ActiveCfg = Debug|Any CPU
		{BCCB1296-34B0-425B-814F-E8BE3980F2BF}.Debug|Mixed Platforms.Build.0 = Debug|Any CPU
		{BCCB1296-34B0-425B-814F-E8BE3980F2BF}.Debug|x86.ActiveCfg = Debug|Any CPU
		{BCCB1296-34B0-425B-814F-E8BE3980F2BF}.Release|Any CPU.ActiveCfg = Release|Any CPU
		{BCCB1296-34B0-425B-814F-E8BE3980F2BF}.Release|Any CPU.Build.0 = Release|Any CPU
		{BCCB1296-34B0-425B-814F-E8BE3980F2BF}.Release|Mixed Platforms.ActiveCfg = Release|Any CPU
		{BCCB1296-34B0-425B-814F-E8BE3980F2BF}.Release|Mixed Platforms.Build.0 = Release|Any CPU
		{BCCB1296-34B0-425B-814F-E8BE3980F2BF}.Release|x86.ActiveCfg = Release|Any CPU
		{75F07C84-0678-4E18-9FC4-367DAEB57B7F}.Debug|Any CPU.ActiveCfg = Debug|Any CPU
		{75F07C84-0678-4E18-9FC4-367DAEB57B7F}.Debug|Any CPU.Build.0 = Debug|Any CPU
		{75F07C84-0678-4E18-9FC4-367DAEB57B7F}.Debug|Mixed Platforms.ActiveCfg = Debug|Any CPU
		{75F07C84-0678-4E18-9FC4-367DAEB57B7F}.Debug|Mixed Platforms.Build.0 = Debug|Any CPU
		{75F07C84-0678-4E18-9FC4-367DAEB57B7F}.Debug|x86.ActiveCfg = Debug|Any CPU
		{75F07C84-0678-4E18-9FC4-367DAEB57B7F}.Release|Any CPU.ActiveCfg = Release|Any CPU
		{75F07C84-0678-4E18-9FC4-367DAEB57B7F}.Release|Any CPU.Build.0 = Release|Any CPU
		{75F07C84-0678-4E18-9FC4-367DAEB57B7F}.Release|Mixed Platforms.ActiveCfg = Release|Any CPU
		{75F07C84-0678-4E18-9FC4-367DAEB57B7F}.Release|Mixed Platforms.Build.0 = Release|Any CPU
		{75F07C84-0678-4E18-9FC4-367DAEB57B7F}.Release|x86.ActiveCfg = Release|Any CPU
		{C2717582-588A-4446-8D5E-F5BDC8E9C1E0}.Debug|Any CPU.ActiveCfg = Debug|Any CPU
		{C2717582-588A-4446-8D5E-F5BDC8E9C1E0}.Debug|Any CPU.Build.0 = Debug|Any CPU
		{C2717582-588A-4446-8D5E-F5BDC8E9C1E0}.Debug|Mixed Platforms.ActiveCfg = Debug|Any CPU
		{C2717582-588A-4446-8D5E-F5BDC8E9C1E0}.Debug|Mixed Platforms.Build.0 = Debug|Any CPU
		{C2717582-588A-4446-8D5E-F5BDC8E9C1E0}.Debug|x86.ActiveCfg = Debug|Any CPU
		{C2717582-588A-4446-8D5E-F5BDC8E9C1E0}.Release|Any CPU.ActiveCfg = Release|Any CPU
		{C2717582-588A-4446-8D5E-F5BDC8E9C1E0}.Release|Any CPU.Build.0 = Release|Any CPU
		{C2717582-588A-4446-8D5E-F5BDC8E9C1E0}.Release|Mixed Platforms.ActiveCfg = Release|Any CPU
		{C2717582-588A-4446-8D5E-F5BDC8E9C1E0}.Release|Mixed Platforms.Build.0 = Release|Any CPU
		{C2717582-588A-4446-8D5E-F5BDC8E9C1E0}.Release|x86.ActiveCfg = Release|Any CPU
	EndGlobalSection
	GlobalSection(SolutionProperties) = preSolution
		HideSolutionNode = FALSE
	EndGlobalSection
	GlobalSection(NestedProjects) = preSolution
		{2365DCDE-56C1-411C-A663-BB2B23D8B523} = {6F710B02-CEB8-459C-9FE4-F23C9D1E77B3}
		{D31F27DE-5C00-48F4-B119-E23B623D7A20} = {6F710B02-CEB8-459C-9FE4-F23C9D1E77B3}
		{A1B955D3-C7EB-417F-9E79-552819DCB340} = {6F710B02-CEB8-459C-9FE4-F23C9D1E77B3}
		{0AF19D83-285F-45FE-B0C0-7782D9230764} = {6F710B02-CEB8-459C-9FE4-F23C9D1E77B3}
		{75E5D203-3574-4A3A-B95F-88D6834C5298} = {6F710B02-CEB8-459C-9FE4-F23C9D1E77B3}
		{EBE74EC9-293E-43C7-8BD3-6A25A33C2265} = {6F710B02-CEB8-459C-9FE4-F23C9D1E77B3}
		{75F07C84-0678-4E18-9FC4-367DAEB57B7F} = {6F710B02-CEB8-459C-9FE4-F23C9D1E77B3}
		{CCE2A63D-CF2F-42E3-9410-F9A4FB7D4A1E} = {BC242EFB-DBBD-441F-B00A-94E62E15A35E}
		{C2717582-588A-4446-8D5E-F5BDC8E9C1E0} = {BC242EFB-DBBD-441F-B00A-94E62E15A35E}
		{F6556BDA-E29F-452B-A6CD-1173933FDD65} = {F0281D04-4576-4E12-A283-8F4A8A7D4557}
		{BCCB1296-34B0-425B-814F-E8BE3980F2BF} = {F0281D04-4576-4E12-A283-8F4A8A7D4557}
	EndGlobalSection
EndGlobal
